// !$*UTF8*$!
{
	archiveVersion = 1;
	classes = {
	};
	objectVersion = 50;
	objects = {

/* Begin PBXBuildFile section */
		7E38771E21634AC200E1AE8E /* AppDelegate.swift in Sources */ = {isa = PBXBuildFile; fileRef = 7E38771D21634AC200E1AE8E /* AppDelegate.swift */; };
		7E38772021634AC200E1AE8E /* ViewController.swift in Sources */ = {isa = PBXBuildFile; fileRef = 7E38771F21634AC200E1AE8E /* ViewController.swift */; };
		7E38772321634AC200E1AE8E /* Main.storyboard in Resources */ = {isa = PBXBuildFile; fileRef = 7E38772121634AC200E1AE8E /* Main.storyboard */; };
		7E38772621634AC200E1AE8E /* PreViewEditor.xcdatamodeld in Sources */ = {isa = PBXBuildFile; fileRef = 7E38772421634AC200E1AE8E /* PreViewEditor.xcdatamodeld */; };
		7E38772821634AC800E1AE8E /* Assets.xcassets in Resources */ = {isa = PBXBuildFile; fileRef = 7E38772721634AC800E1AE8E /* Assets.xcassets */; };
		7E38772B21634AC800E1AE8E /* LaunchScreen.storyboard in Resources */ = {isa = PBXBuildFile; fileRef = 7E38772921634AC800E1AE8E /* LaunchScreen.storyboard */; };
		7E38773621634AC800E1AE8E /* PreViewEditorTests.swift in Sources */ = {isa = PBXBuildFile; fileRef = 7E38773521634AC800E1AE8E /* PreViewEditorTests.swift */; };
		7E38774121634AC800E1AE8E /* PreViewEditorUITests.swift in Sources */ = {isa = PBXBuildFile; fileRef = 7E38774021634AC800E1AE8E /* PreViewEditorUITests.swift */; };
		7E387750216457C900E1AE8E /* 画像1.png in Resources */ = {isa = PBXBuildFile; fileRef = 7E38774F216457C900E1AE8E /* 画像1.png */; };
		7E387752216457D300E1AE8E /* 画像2.png in Resources */ = {isa = PBXBuildFile; fileRef = 7E387751216457D300E1AE8E /* 画像2.png */; };
		7E387754216457DD00E1AE8E /* 画像3.png in Resources */ = {isa = PBXBuildFile; fileRef = 7E387753216457DD00E1AE8E /* 画像3.png */; };
		7E387756216457E200E1AE8E /* 画像4.png in Resources */ = {isa = PBXBuildFile; fileRef = 7E387755216457E200E1AE8E /* 画像4.png */; };
		7E387758216457E800E1AE8E /* 画像5.png in Resources */ = {isa = PBXBuildFile; fileRef = 7E387757216457E800E1AE8E /* 画像5.png */; };
		7E38775C216458A000E1AE8E /* CollectionViewCell.swift in Sources */ = {isa = PBXBuildFile; fileRef = 7E38775A216458A000E1AE8E /* CollectionViewCell.swift */; };
		7E38775D216458A000E1AE8E /* CollectionViewCell.xib in Resources */ = {isa = PBXBuildFile; fileRef = 7E38775B216458A000E1AE8E /* CollectionViewCell.xib */; };
/* End PBXBuildFile section */

/* Begin PBXContainerItemProxy section */
		7E38773221634AC800E1AE8E /* PBXContainerItemProxy */ = {
			isa = PBXContainerItemProxy;
			containerPortal = 7E38771221634AC200E1AE8E /* Project object */;
			proxyType = 1;
			remoteGlobalIDString = 7E38771921634AC200E1AE8E;
			remoteInfo = PreViewEditor;
		};
		7E38773D21634AC800E1AE8E /* PBXContainerItemProxy */ = {
			isa = PBXContainerItemProxy;
			containerPortal = 7E38771221634AC200E1AE8E /* Project object */;
			proxyType = 1;
			remoteGlobalIDString = 7E38771921634AC200E1AE8E;
			remoteInfo = PreViewEditor;
		};
/* End PBXContainerItemProxy section */

/* Begin PBXFileReference section */
		7E38771A21634AC200E1AE8E /* PreViewEditor.app */ = {isa = PBXFileReference; explicitFileType = wrapper.application; includeInIndex = 0; path = PreViewEditor.app; sourceTree = BUILT_PRODUCTS_DIR; };
		7E38771D21634AC200E1AE8E /* AppDelegate.swift */ = {isa = PBXFileReference; lastKnownFileType = sourcecode.swift; path = AppDelegate.swift; sourceTree = "<group>"; };
		7E38771F21634AC200E1AE8E /* ViewController.swift */ = {isa = PBXFileReference; lastKnownFileType = sourcecode.swift; path = ViewController.swift; sourceTree = "<group>"; };
		7E38772221634AC200E1AE8E /* Base */ = {isa = PBXFileReference; lastKnownFileType = file.storyboard; name = Base; path = Base.lproj/Main.storyboard; sourceTree = "<group>"; };
		7E38772521634AC200E1AE8E /* PreViewEditor.xcdatamodel */ = {isa = PBXFileReference; lastKnownFileType = wrapper.xcdatamodel; path = PreViewEditor.xcdatamodel; sourceTree = "<group>"; };
		7E38772721634AC800E1AE8E /* Assets.xcassets */ = {isa = PBXFileReference; lastKnownFileType = folder.assetcatalog; path = Assets.xcassets; sourceTree = "<group>"; };
		7E38772A21634AC800E1AE8E /* Base */ = {isa = PBXFileReference; lastKnownFileType = file.storyboard; name = Base; path = Base.lproj/LaunchScreen.storyboard; sourceTree = "<group>"; };
		7E38772C21634AC800E1AE8E /* Info.plist */ = {isa = PBXFileReference; lastKnownFileType = text.plist.xml; path = Info.plist; sourceTree = "<group>"; };
		7E38773121634AC800E1AE8E /* PreViewEditorTests.xctest */ = {isa = PBXFileReference; explicitFileType = wrapper.cfbundle; includeInIndex = 0; path = PreViewEditorTests.xctest; sourceTree = BUILT_PRODUCTS_DIR; };
		7E38773521634AC800E1AE8E /* PreViewEditorTests.swift */ = {isa = PBXFileReference; lastKnownFileType = sourcecode.swift; path = PreViewEditorTests.swift; sourceTree = "<group>"; };
		7E38773721634AC800E1AE8E /* Info.plist */ = {isa = PBXFileReference; lastKnownFileType = text.plist.xml; path = Info.plist; sourceTree = "<group>"; };
		7E38773C21634AC800E1AE8E /* PreViewEditorUITests.xctest */ = {isa = PBXFileReference; explicitFileType = wrapper.cfbundle; includeInIndex = 0; path = PreViewEditorUITests.xctest; sourceTree = BUILT_PRODUCTS_DIR; };
		7E38774021634AC800E1AE8E /* PreViewEditorUITests.swift */ = {isa = PBXFileReference; lastKnownFileType = sourcecode.swift; path = PreViewEditorUITests.swift; sourceTree = "<group>"; };
		7E38774221634AC800E1AE8E /* Info.plist */ = {isa = PBXFileReference; lastKnownFileType = text.plist.xml; path = Info.plist; sourceTree = "<group>"; };
		7E38774F216457C900E1AE8E /* 画像1.png */ = {isa = PBXFileReference; lastKnownFileType = image.png; name = "画像1.png"; path = "PreViewEditor/Assets/画像1.png"; sourceTree = SOURCE_ROOT; };
		7E387751216457D300E1AE8E /* 画像2.png */ = {isa = PBXFileReference; lastKnownFileType = image.png; name = "画像2.png"; path = "PreViewEditor/Assets/画像2.png"; sourceTree = SOURCE_ROOT; };
		7E387753216457DD00E1AE8E /* 画像3.png */ = {isa = PBXFileReference; lastKnownFileType = image.png; name = "画像3.png"; path = "PreViewEditor/Assets/画像3.png"; sourceTree = SOURCE_ROOT; };
		7E387755216457E200E1AE8E /* 画像4.png */ = {isa = PBXFileReference; lastKnownFileType = image.png; name = "画像4.png"; path = "PreViewEditor/Assets/画像4.png"; sourceTree = SOURCE_ROOT; };
		7E387757216457E800E1AE8E /* 画像5.png */ = {isa = PBXFileReference; lastKnownFileType = image.png; name = "画像5.png"; path = "PreViewEditor/Assets/画像5.png"; sourceTree = SOURCE_ROOT; };
		7E38775A216458A000E1AE8E /* CollectionViewCell.swift */ = {isa = PBXFileReference; lastKnownFileType = sourcecode.swift; path = CollectionViewCell.swift; sourceTree = "<group>"; };
		7E38775B216458A000E1AE8E /* CollectionViewCell.xib */ = {isa = PBXFileReference; lastKnownFileType = file.xib; path = CollectionViewCell.xib; sourceTree = "<group>"; };
/* End PBXFileReference section */

/* Begin PBXFrameworksBuildPhase section */
		7E38771721634AC200E1AE8E /* Frameworks */ = {
			isa = PBXFrameworksBuildPhase;
			buildActionMask = 2147483647;
			files = (
			);
			runOnlyForDeploymentPostprocessing = 0;
		};
		7E38772E21634AC800E1AE8E /* Frameworks */ = {
			isa = PBXFrameworksBuildPhase;
			buildActionMask = 2147483647;
			files = (
			);
			runOnlyForDeploymentPostprocessing = 0;
		};
		7E38773921634AC800E1AE8E /* Frameworks */ = {
			isa = PBXFrameworksBuildPhase;
			buildActionMask = 2147483647;
			files = (
			);
			runOnlyForDeploymentPostprocessing = 0;
		};
/* End PBXFrameworksBuildPhase section */

/* Begin PBXGroup section */
		7E38771121634AC200E1AE8E = {
			isa = PBXGroup;
			children = (
				7E38774E2164579D00E1AE8E /* Assets */,
				7E38771C21634AC200E1AE8E /* PreViewEditor */,
				7E38773421634AC800E1AE8E /* PreViewEditorTests */,
				7E38773F21634AC800E1AE8E /* PreViewEditorUITests */,
				7E38771B21634AC200E1AE8E /* Products */,
			);
			sourceTree = "<group>";
		};
		7E38771B21634AC200E1AE8E /* Products */ = {
			isa = PBXGroup;
			children = (
				7E38771A21634AC200E1AE8E /* PreViewEditor.app */,
				7E38773121634AC800E1AE8E /* PreViewEditorTests.xctest */,
				7E38773C21634AC800E1AE8E /* PreViewEditorUITests.xctest */,
			);
			name = Products;
			sourceTree = "<group>";
		};
		7E38771C21634AC200E1AE8E /* PreViewEditor */ = {
			isa = PBXGroup;
			children = (
				7E38771D21634AC200E1AE8E /* AppDelegate.swift */,
				7E38771F21634AC200E1AE8E /* ViewController.swift */,
				7E3877592164587500E1AE8E /* CollectionViewCell */,
				7E38772121634AC200E1AE8E /* Main.storyboard */,
				7E38772721634AC800E1AE8E /* Assets.xcassets */,
				7E38772921634AC800E1AE8E /* LaunchScreen.storyboard */,
				7E38772C21634AC800E1AE8E /* Info.plist */,
				7E38772421634AC200E1AE8E /* PreViewEditor.xcdatamodeld */,
			);
			path = PreViewEditor;
			sourceTree = "<group>";
		};
		7E38773421634AC800E1AE8E /* PreViewEditorTests */ = {
			isa = PBXGroup;
			children = (
				7E38773521634AC800E1AE8E /* PreViewEditorTests.swift */,
				7E38773721634AC800E1AE8E /* Info.plist */,
			);
			path = PreViewEditorTests;
			sourceTree = "<group>";
		};
		7E38773F21634AC800E1AE8E /* PreViewEditorUITests */ = {
			isa = PBXGroup;
			children = (
				7E38774021634AC800E1AE8E /* PreViewEditorUITests.swift */,
				7E38774221634AC800E1AE8E /* Info.plist */,
			);
			path = PreViewEditorUITests;
			sourceTree = "<group>";
		};
		7E38774E2164579D00E1AE8E /* Assets */ = {
			isa = PBXGroup;
			children = (
				7E387751216457D300E1AE8E /* 画像2.png */,
				7E387753216457DD00E1AE8E /* 画像3.png */,
				7E387755216457E200E1AE8E /* 画像4.png */,
				7E387757216457E800E1AE8E /* 画像5.png */,
				7E38774F216457C900E1AE8E /* 画像1.png */,
			);
			path = Assets;
			sourceTree = "<group>";
		};
		7E3877592164587500E1AE8E /* CollectionViewCell */ = {
			isa = PBXGroup;
			children = (
				7E38775A216458A000E1AE8E /* CollectionViewCell.swift */,
				7E38775B216458A000E1AE8E /* CollectionViewCell.xib */,
			);
			path = CollectionViewCell;
			sourceTree = "<group>";
		};
/* End PBXGroup section */

/* Begin PBXNativeTarget section */
		7E38771921634AC200E1AE8E /* PreViewEditor */ = {
			isa = PBXNativeTarget;
			buildConfigurationList = 7E38774521634AC800E1AE8E /* Build configuration list for PBXNativeTarget "PreViewEditor" */;
			buildPhases = (
				7E38771621634AC200E1AE8E /* Sources */,
				7E38771721634AC200E1AE8E /* Frameworks */,
				7E38771821634AC200E1AE8E /* Resources */,
			);
			buildRules = (
			);
			dependencies = (
			);
			name = PreViewEditor;
			productName = PreViewEditor;
			productReference = 7E38771A21634AC200E1AE8E /* PreViewEditor.app */;
			productType = "com.apple.product-type.application";
		};
		7E38773021634AC800E1AE8E /* PreViewEditorTests */ = {
			isa = PBXNativeTarget;
			buildConfigurationList = 7E38774821634AC800E1AE8E /* Build configuration list for PBXNativeTarget "PreViewEditorTests" */;
			buildPhases = (
				7E38772D21634AC800E1AE8E /* Sources */,
				7E38772E21634AC800E1AE8E /* Frameworks */,
				7E38772F21634AC800E1AE8E /* Resources */,
			);
			buildRules = (
			);
			dependencies = (
				7E38773321634AC800E1AE8E /* PBXTargetDependency */,
			);
			name = PreViewEditorTests;
			productName = PreViewEditorTests;
			productReference = 7E38773121634AC800E1AE8E /* PreViewEditorTests.xctest */;
			productType = "com.apple.product-type.bundle.unit-test";
		};
		7E38773B21634AC800E1AE8E /* PreViewEditorUITests */ = {
			isa = PBXNativeTarget;
			buildConfigurationList = 7E38774B21634AC800E1AE8E /* Build configuration list for PBXNativeTarget "PreViewEditorUITests" */;
			buildPhases = (
				7E38773821634AC800E1AE8E /* Sources */,
				7E38773921634AC800E1AE8E /* Frameworks */,
				7E38773A21634AC800E1AE8E /* Resources */,
			);
			buildRules = (
			);
			dependencies = (
				7E38773E21634AC800E1AE8E /* PBXTargetDependency */,
			);
			name = PreViewEditorUITests;
			productName = PreViewEditorUITests;
			productReference = 7E38773C21634AC800E1AE8E /* PreViewEditorUITests.xctest */;
			productType = "com.apple.product-type.bundle.ui-testing";
		};
/* End PBXNativeTarget section */

/* Begin PBXProject section */
		7E38771221634AC200E1AE8E /* Project object */ = {
			isa = PBXProject;
			attributes = {
				LastSwiftUpdateCheck = 1000;
				LastUpgradeCheck = 1000;
				ORGANIZATIONNAME = terany;
				TargetAttributes = {
					7E38771921634AC200E1AE8E = {
						CreatedOnToolsVersion = 10.0;
					};
					7E38773021634AC800E1AE8E = {
						CreatedOnToolsVersion = 10.0;
						TestTargetID = 7E38771921634AC200E1AE8E;
					};
					7E38773B21634AC800E1AE8E = {
						CreatedOnToolsVersion = 10.0;
						TestTargetID = 7E38771921634AC200E1AE8E;
					};
				};
			};
			buildConfigurationList = 7E38771521634AC200E1AE8E /* Build configuration list for PBXProject "PreViewEditor" */;
			compatibilityVersion = "Xcode 9.3";
			developmentRegion = en;
			hasScannedForEncodings = 0;
			knownRegions = (
				en,
				Base,
			);
			mainGroup = 7E38771121634AC200E1AE8E;
			productRefGroup = 7E38771B21634AC200E1AE8E /* Products */;
			projectDirPath = "";
			projectRoot = "";
			targets = (
				7E38771921634AC200E1AE8E /* PreViewEditor */,
				7E38773021634AC800E1AE8E /* PreViewEditorTests */,
				7E38773B21634AC800E1AE8E /* PreViewEditorUITests */,
			);
		};
/* End PBXProject section */

/* Begin PBXResourcesBuildPhase section */
		7E38771821634AC200E1AE8E /* Resources */ = {
			isa = PBXResourcesBuildPhase;
			buildActionMask = 2147483647;
			files = (
				7E38772B21634AC800E1AE8E /* LaunchScreen.storyboard in Resources */,
				7E387758216457E800E1AE8E /* 画像5.png in Resources */,
				7E387750216457C900E1AE8E /* 画像1.png in Resources */,
				7E387752216457D300E1AE8E /* 画像2.png in Resources */,
				7E387756216457E200E1AE8E /* 画像4.png in Resources */,
				7E387754216457DD00E1AE8E /* 画像3.png in Resources */,
				7E38772821634AC800E1AE8E /* Assets.xcassets in Resources */,
				7E38772321634AC200E1AE8E /* Main.storyboard in Resources */,
				7E38775D216458A000E1AE8E /* CollectionViewCell.xib in Resources */,
			);
			runOnlyForDeploymentPostprocessing = 0;
		};
		7E38772F21634AC800E1AE8E /* Resources */ = {
			isa = PBXResourcesBuildPhase;
			buildActionMask = 2147483647;
			files = (
			);
			runOnlyForDeploymentPostprocessing = 0;
		};
		7E38773A21634AC800E1AE8E /* Resources */ = {
			isa = PBXResourcesBuildPhase;
			buildActionMask = 2147483647;
			files = (
			);
			runOnlyForDeploymentPostprocessing = 0;
		};
/* End PBXResourcesBuildPhase section */

/* Begin PBXSourcesBuildPhase section */
		7E38771621634AC200E1AE8E /* Sources */ = {
			isa = PBXSourcesBuildPhase;
			buildActionMask = 2147483647;
			files = (
				7E38772621634AC200E1AE8E /* PreViewEditor.xcdatamodeld in Sources */,
				7E38772021634AC200E1AE8E /* ViewController.swift in Sources */,
				7E38775C216458A000E1AE8E /* CollectionViewCell.swift in Sources */,
				7E38771E21634AC200E1AE8E /* AppDelegate.swift in Sources */,
			);
			runOnlyForDeploymentPostprocessing = 0;
		};
		7E38772D21634AC800E1AE8E /* Sources */ = {
			isa = PBXSourcesBuildPhase;
			buildActionMask = 2147483647;
			files = (
				7E38773621634AC800E1AE8E /* PreViewEditorTests.swift in Sources */,
			);
			runOnlyForDeploymentPostprocessing = 0;
		};
		7E38773821634AC800E1AE8E /* Sources */ = {
			isa = PBXSourcesBuildPhase;
			buildActionMask = 2147483647;
			files = (
				7E38774121634AC800E1AE8E /* PreViewEditorUITests.swift in Sources */,
			);
			runOnlyForDeploymentPostprocessing = 0;
		};
/* End PBXSourcesBuildPhase section */

/* Begin PBXTargetDependency section */
		7E38773321634AC800E1AE8E /* PBXTargetDependency */ = {
			isa = PBXTargetDependency;
			target = 7E38771921634AC200E1AE8E /* PreViewEditor */;
			targetProxy = 7E38773221634AC800E1AE8E /* PBXContainerItemProxy */;
		};
		7E38773E21634AC800E1AE8E /* PBXTargetDependency */ = {
			isa = PBXTargetDependency;
			target = 7E38771921634AC200E1AE8E /* PreViewEditor */;
			targetProxy = 7E38773D21634AC800E1AE8E /* PBXContainerItemProxy */;
		};
/* End PBXTargetDependency section */

/* Begin PBXVariantGroup section */
		7E38772121634AC200E1AE8E /* Main.storyboard */ = {
			isa = PBXVariantGroup;
			children = (
				7E38772221634AC200E1AE8E /* Base */,
			);
			name = Main.storyboard;
			sourceTree = "<group>";
		};
		7E38772921634AC800E1AE8E /* LaunchScreen.storyboard */ = {
			isa = PBXVariantGroup;
			children = (
				7E38772A21634AC800E1AE8E /* Base */,
			);
			name = LaunchScreen.storyboard;
			sourceTree = "<group>";
		};
/* End PBXVariantGroup section */

/* Begin XCBuildConfiguration section */
		7E38774321634AC800E1AE8E /* Debug */ = {
			isa = XCBuildConfiguration;
			buildSettings = {
				ALWAYS_SEARCH_USER_PATHS = NO;
				CLANG_ANALYZER_NONNULL = YES;
				CLANG_ANALYZER_NUMBER_OBJECT_CONVERSION = YES_AGGRESSIVE;
				CLANG_CXX_LANGUAGE_STANDARD = "gnu++14";
				CLANG_CXX_LIBRARY = "libc++";
				CLANG_ENABLE_MODULES = YES;
				CLANG_ENABLE_OBJC_ARC = YES;
				CLANG_ENABLE_OBJC_WEAK = YES;
				CLANG_WARN_BLOCK_CAPTURE_AUTORELEASING = YES;
				CLANG_WARN_BOOL_CONVERSION = YES;
				CLANG_WARN_COMMA = YES;
				CLANG_WARN_CONSTANT_CONVERSION = YES;
				CLANG_WARN_DEPRECATED_OBJC_IMPLEMENTATIONS = YES;
				CLANG_WARN_DIRECT_OBJC_ISA_USAGE = YES_ERROR;
				CLANG_WARN_DOCUMENTATION_COMMENTS = YES;
				CLANG_WARN_EMPTY_BODY = YES;
				CLANG_WARN_ENUM_CONVERSION = YES;
				CLANG_WARN_INFINITE_RECURSION = YES;
				CLANG_WARN_INT_CONVERSION = YES;
				CLANG_WARN_NON_LITERAL_NULL_CONVERSION = YES;
				CLANG_WARN_OBJC_IMPLICIT_RETAIN_SELF = YES;
				CLANG_WARN_OBJC_LITERAL_CONVERSION = YES;
				CLANG_WARN_OBJC_ROOT_CLASS = YES_ERROR;
				CLANG_WARN_RANGE_LOOP_ANALYSIS = YES;
				CLANG_WARN_STRICT_PROTOTYPES = YES;
				CLANG_WARN_SUSPICIOUS_MOVE = YES;
				CLANG_WARN_UNGUARDED_AVAILABILITY = YES_AGGRESSIVE;
				CLANG_WARN_UNREACHABLE_CODE = YES;
				CLANG_WARN__DUPLICATE_METHOD_MATCH = YES;
				CODE_SIGN_IDENTITY = "iPhone Developer";
				COPY_PHASE_STRIP = NO;
				DEBUG_INFORMATION_FORMAT = dwarf;
				ENABLE_STRICT_OBJC_MSGSEND = YES;
				ENABLE_TESTABILITY = YES;
				GCC_C_LANGUAGE_STANDARD = gnu11;
				GCC_DYNAMIC_NO_PIC = NO;
				GCC_NO_COMMON_BLOCKS = YES;
				GCC_OPTIMIZATION_LEVEL = 0;
				GCC_PREPROCESSOR_DEFINITIONS = (
					"DEBUG=1",
					"$(inherited)",
				);
				GCC_WARN_64_TO_32_BIT_CONVERSION = YES;
				GCC_WARN_ABOUT_RETURN_TYPE = YES_ERROR;
				GCC_WARN_UNDECLARED_SELECTOR = YES;
				GCC_WARN_UNINITIALIZED_AUTOS = YES_AGGRESSIVE;
				GCC_WARN_UNUSED_FUNCTION = YES;
				GCC_WARN_UNUSED_VARIABLE = YES;
				IPHONEOS_DEPLOYMENT_TARGET = 12.0;
				MTL_ENABLE_DEBUG_INFO = INCLUDE_SOURCE;
				MTL_FAST_MATH = YES;
				ONLY_ACTIVE_ARCH = YES;
				SDKROOT = iphoneos;
				SWIFT_ACTIVE_COMPILATION_CONDITIONS = DEBUG;
				SWIFT_OPTIMIZATION_LEVEL = "-Onone";
			};
			name = Debug;
		};
		7E38774421634AC800E1AE8E /* Release */ = {
			isa = XCBuildConfiguration;
			buildSettings = {
				ALWAYS_SEARCH_USER_PATHS = NO;
				CLANG_ANALYZER_NONNULL = YES;
				CLANG_ANALYZER_NUMBER_OBJECT_CONVERSION = YES_AGGRESSIVE;
				CLANG_CXX_LANGUAGE_STANDARD = "gnu++14";
				CLANG_CXX_LIBRARY = "libc++";
				CLANG_ENABLE_MODULES = YES;
				CLANG_ENABLE_OBJC_ARC = YES;
				CLANG_ENABLE_OBJC_WEAK = YES;
				CLANG_WARN_BLOCK_CAPTURE_AUTORELEASING = YES;
				CLANG_WARN_BOOL_CONVERSION = YES;
				CLANG_WARN_COMMA = YES;
				CLANG_WARN_CONSTANT_CONVERSION = YES;
				CLANG_WARN_DEPRECATED_OBJC_IMPLEMENTATIONS = YES;
				CLANG_WARN_DIRECT_OBJC_ISA_USAGE = YES_ERROR;
				CLANG_WARN_DOCUMENTATION_COMMENTS = YES;
				CLANG_WARN_EMPTY_BODY = YES;
				CLANG_WARN_ENUM_CONVERSION = YES;
				CLANG_WARN_INFINITE_RECURSION = YES;
				CLANG_WARN_INT_CONVERSION = YES;
				CLANG_WARN_NON_LITERAL_NULL_CONVERSION = YES;
				CLANG_WARN_OBJC_IMPLICIT_RETAIN_SELF = YES;
				CLANG_WARN_OBJC_LITERAL_CONVERSION = YES;
				CLANG_WARN_OBJC_ROOT_CLASS = YES_ERROR;
				CLANG_WARN_RANGE_LOOP_ANALYSIS = YES;
				CLANG_WARN_STRICT_PROTOTYPES = YES;
				CLANG_WARN_SUSPICIOUS_MOVE = YES;
				CLANG_WARN_UNGUARDED_AVAILABILITY = YES_AGGRESSIVE;
				CLANG_WARN_UNREACHABLE_CODE = YES;
				CLANG_WARN__DUPLICATE_METHOD_MATCH = YES;
				CODE_SIGN_IDENTITY = "iPhone Developer";
				COPY_PHASE_STRIP = NO;
				DEBUG_INFORMATION_FORMAT = "dwarf-with-dsym";
				ENABLE_NS_ASSERTIONS = NO;
				ENABLE_STRICT_OBJC_MSGSEND = YES;
				GCC_C_LANGUAGE_STANDARD = gnu11;
				GCC_NO_COMMON_BLOCKS = YES;
				GCC_WARN_64_TO_32_BIT_CONVERSION = YES;
				GCC_WARN_ABOUT_RETURN_TYPE = YES_ERROR;
				GCC_WARN_UNDECLARED_SELECTOR = YES;
				GCC_WARN_UNINITIALIZED_AUTOS = YES_AGGRESSIVE;
				GCC_WARN_UNUSED_FUNCTION = YES;
				GCC_WARN_UNUSED_VARIABLE = YES;
				IPHONEOS_DEPLOYMENT_TARGET = 12.0;
				MTL_ENABLE_DEBUG_INFO = NO;
				MTL_FAST_MATH = YES;
				SDKROOT = iphoneos;
				SWIFT_COMPILATION_MODE = wholemodule;
				SWIFT_OPTIMIZATION_LEVEL = "-O";
				VALIDATE_PRODUCT = YES;
			};
			name = Release;
		};
		7E38774621634AC800E1AE8E /* Debug */ = {
			isa = XCBuildConfiguration;
			buildSettings = {
				ASSETCATALOG_COMPILER_APPICON_NAME = AppIcon;
				CODE_SIGN_STYLE = Automatic;
				DEVELOPMENT_TEAM = ZR3G7VWCS9;
				INFOPLIST_FILE = PreViewEditor/Info.plist;
				LD_RUNPATH_SEARCH_PATHS = (
					"$(inherited)",
					"@executable_path/Frameworks",
				);
				PRODUCT_BUNDLE_IDENTIFIER = jp.hogehoge.PreViewEditor;
				PRODUCT_NAME = "$(TARGET_NAME)";
				SWIFT_VERSION = 4.2;
				TARGETED_DEVICE_FAMILY = "1,2";
			};
			name = Debug;
		};
		7E38774721634AC800E1AE8E /* Release */ = {
			isa = XCBuildConfiguration;
			buildSettings = {
				ASSETCATALOG_COMPILER_APPICON_NAME = AppIcon;
				CODE_SIGN_STYLE = Automatic;
				DEVELOPMENT_TEAM = ZR3G7VWCS9;
				INFOPLIST_FILE = PreViewEditor/Info.plist;
				LD_RUNPATH_SEARCH_PATHS = (
					"$(inherited)",
					"@executable_path/Frameworks",
				);
				PRODUCT_BUNDLE_IDENTIFIER = jp.hogehoge.PreViewEditor;
				PRODUCT_NAME = "$(TARGET_NAME)";
				SWIFT_VERSION = 4.2;
				TARGETED_DEVICE_FAMILY = "1,2";
			};
			name = Release;
		};
		7E38774921634AC800E1AE8E /* Debug */ = {
			isa = XCBuildConfiguration;
			buildSettings = {
				ALWAYS_EMBED_SWIFT_STANDARD_LIBRARIES = YES;
				BUNDLE_LOADER = "$(TEST_HOST)";
				CODE_SIGN_STYLE = Automatic;
				DEVELOPMENT_TEAM = ZR3G7VWCS9;
				INFOPLIST_FILE = PreViewEditorTests/Info.plist;
				LD_RUNPATH_SEARCH_PATHS = (
					"$(inherited)",
					"@executable_path/Frameworks",
					"@loader_path/Frameworks",
				);
				PRODUCT_BUNDLE_IDENTIFIER = jp.hogehoge.PreViewEditorTests;
				PRODUCT_NAME = "$(TARGET_NAME)";
				SWIFT_VERSION = 4.2;
				TARGETED_DEVICE_FAMILY = "1,2";
				TEST_HOST = "$(BUILT_PRODUCTS_DIR)/PreViewEditor.app/PreViewEditor";
			};
			name = Debug;
		};
		7E38774A21634AC800E1AE8E /* Release */ = {
			isa = XCBuildConfiguration;
			buildSettings = {
				ALWAYS_EMBED_SWIFT_STANDARD_LIBRARIES = YES;
				BUNDLE_LOADER = "$(TEST_HOST)";
				CODE_SIGN_STYLE = Automatic;
				DEVELOPMENT_TEAM = ZR3G7VWCS9;
				INFOPLIST_FILE = PreViewEditorTests/Info.plist;
				LD_RUNPATH_SEARCH_PATHS = (
					"$(inherited)",
					"@executable_path/Frameworks",
					"@loader_path/Frameworks",
				);
				PRODUCT_BUNDLE_IDENTIFIER = jp.hogehoge.PreViewEditorTests;
				PRODUCT_NAME = "$(TARGET_NAME)";
				SWIFT_VERSION = 4.2;
				TARGETED_DEVICE_FAMILY = "1,2";
				TEST_HOST = "$(BUILT_PRODUCTS_DIR)/PreViewEditor.app/PreViewEditor";
			};
			name = Release;
		};
		7E38774C21634AC800E1AE8E /* Debug */ = {
			isa = XCBuildConfiguration;
			buildSettings = {
				ALWAYS_EMBED_SWIFT_STANDARD_LIBRARIES = YES;
				CODE_SIGN_STYLE = Automatic;
				DEVELOPMENT_TEAM = ZR3G7VWCS9;
				INFOPLIST_FILE = PreViewEditorUITests/Info.plist;
				LD_RUNPATH_SEARCH_PATHS = (
					"$(inherited)",
					"@executable_path/Frameworks",
					"@loader_path/Frameworks",
				);
				PRODUCT_BUNDLE_IDENTIFIER = jp.hogehoge.PreViewEditorUITests;
				PRODUCT_NAME = "$(TARGET_NAME)";
				SWIFT_VERSION = 4.2;
				TARGETED_DEVICE_FAMILY = "1,2";
				TEST_TARGET_NAME = PreViewEditor;
			};
			name = Debug;
		};
		7E38774D21634AC800E1AE8E /* Release */ = {
			isa = XCBuildConfiguration;
			buildSettings = {
				ALWAYS_EMBED_SWIFT_STANDARD_LIBRARIES = YES;
				CODE_SIGN_STYLE = Automatic;
				DEVELOPMENT_TEAM = ZR3G7VWCS9;
				INFOPLIST_FILE = PreViewEditorUITests/Info.plist;
				LD_RUNPATH_SEARCH_PATHS = (
					"$(inherited)",
					"@executable_path/Frameworks",
					"@loader_path/Frameworks",
				);
				PRODUCT_BUNDLE_IDENTIFIER = jp.hogehoge.PreViewEditorUITests;
				PRODUCT_NAME = "$(TARGET_NAME)";
				SWIFT_VERSION = 4.2;
				TARGETED_DEVICE_FAMILY = "1,2";
				TEST_TARGET_NAME = PreViewEditor;
			};
			name = Release;
		};
/* End XCBuildConfiguration section */

/* Begin XCConfigurationList section */
		7E38771521634AC200E1AE8E /* Build configuration list for PBXProject "PreViewEditor" */ = {
			isa = XCConfigurationList;
			buildConfigurations = (
				7E38774321634AC800E1AE8E /* Debug */,
				7E38774421634AC800E1AE8E /* Release */,
			);
			defaultConfigurationIsVisible = 0;
			defaultConfigurationName = Release;
		};
		7E38774521634AC800E1AE8E /* Build configuration list for PBXNativeTarget "PreViewEditor" */ = {
			isa = XCConfigurationList;
			buildConfigurations = (
				7E38774621634AC800E1AE8E /* Debug */,
				7E38774721634AC800E1AE8E /* Release */,
			);
			defaultConfigurationIsVisible = 0;
			defaultConfigurationName = Release;
		};
		7E38774821634AC800E1AE8E /* Build configuration list for PBXNativeTarget "PreViewEditorTests" */ = {
			isa = XCConfigurationList;
			buildConfigurations = (
				7E38774921634AC800E1AE8E /* Debug */,
				7E38774A21634AC800E1AE8E /* Release */,
			);
			defaultConfigurationIsVisible = 0;
			defaultConfigurationName = Release;
		};
		7E38774B21634AC800E1AE8E /* Build configuration list for PBXNativeTarget "PreViewEditorUITests" */ = {
			isa = XCConfigurationList;
			buildConfigurations = (
				7E38774C21634AC800E1AE8E /* Debug */,
				7E38774D21634AC800E1AE8E /* Release */,
			);
			defaultConfigurationIsVisible = 0;
			defaultConfigurationName = Release;
		};
/* End XCConfigurationList section */

/* Begin XCVersionGroup section */
		7E38772421634AC200E1AE8E /* PreViewEditor.xcdatamodeld */ = {
			isa = XCVersionGroup;
			children = (
				7E38772521634AC200E1AE8E /* PreViewEditor.xcdatamodel */,
			);
			currentVersion = 7E38772521634AC200E1AE8E /* PreViewEditor.xcdatamodel */;
			path = PreViewEditor.xcdatamodeld;
			sourceTree = "<group>";
			versionGroupType = wrapper.xcdatamodel;
		};
/* End XCVersionGroup section */
	};
	rootObject = 7E38771221634AC200E1AE8E /* Project object */;
}
